
Microsoft Visual Studio Solution File, Format Version 12.00
# Visual Studio Version 17
VisualStudioVersion = 17.0.32112.339
MinimumVisualStudioVersion = 10.0.40219.1
Project("{8BC9CEB8-8B4A-11D0-8D11-00A0C91BC942}") = "opengl-project", "opengl-project\opengl-project.vcxproj", "{69AE41C3-5E17-406A-AD9F-9CD05DC6C8D7}"
EndProject
Global
	GlobalSection(SolutionConfigurationPlatforms) = preSolution
		Debug|x64 = Debug|x64
		Debug|x86 = Debug|x86
		Release|x64 = Release|x64
		Release|x86 = Release|x86
	EndGlobalSection
	GlobalSection(ProjectConfigurationPlatforms) = postSolution
		{69AE41C3-5E17-406A-AD9F-9CD05DC6C8D7}.Debug|x64.ActiveCfg = Debug|x64
		{69AE41C3-5E17-406A-AD9F-9CD05DC6C8D7}.Debug|x64.Build.0 = Debug|x64
		{69AE41C3-5E17-406A-AD9F-9CD05DC6C8D7}.Debug|x86.ActiveCfg = Debug|Win32
		{69AE41C3-5E17-406A-AD9F-9CD05DC6C8D7}.Debug|x86.Build.0 = Debug|Win32
		{69AE41C3-5E17-406A-AD9F-9CD05DC6C8D7}.Release|x64.ActiveCfg = Release|x64
		{69AE41C3-5E17-406A-AD9F-9CD05DC6C8D7}.Release|x64.Build.0 = Release|x64
		{69AE41C3-5E17-406A-AD9F-9CD05DC6C8D7}.Release|x86.ActiveCfg = Release|Win32
		{69AE41C3-5E17-406A-AD9F-9CD05DC6C8D7}.Release|x86.Build.0 = Release|Win32
	EndGlobalSection
	GlobalSection(SolutionProperties) = preSolution
		HideSolutionNode = FALSE
	EndGlobalSection
	GlobalSection(ExtensibilityGlobals) = postSolution
		SolutionGuid = {E3BBCD35-7EFA-4BAF-968D-91277E51A76F}
	EndGlobalSection
EndGlobal
